{
  "name": "EPD2",
  "lockfileVersion": 3,
  "requires": true,
  "packages": {
    "": {
      "dependencies": {
        "animejs": "^4.3.6"
      }
    },
    "node_modules/animejs": {
      "version": "4.3.6",
      "resolved": "https://registry.npmjs.org/animejs/-/animejs-4.3.6.tgz",
      "integrity": "sha512-rzZ4bDc8JAtyx6hYwxj7s5M/yWfnM5qqY4hZDnhy1cWFvMb6H5/necHS2sbCY3WQTDbRLuZL10dPXSxSCFOr/w==",
      "license": "MIT",
      "funding": {
        "type": "github",
        "url": "https://github.com/sponsors/juliangarnier"
      }
    }
  }
}
